// !$*UTF8*$!
{
	archiveVersion = 1;
	classes = {
	};
	objectVersion = 77;
	objects = {

/* Begin PBXBuildFile section */
		08440F1603742AB28B2B4815 /* KokoroSwift in Frameworks */ = {isa = PBXBuildFile; productRef = 1DCD8AD4861E50005E48943D /* KokoroSwift */; };
		0CD9B9D7D0854411C0A04148 /* AIBackendProtocol.swift in Sources */ = {isa = PBXBuildFile; fileRef = A900F00D2451513A29BC4C6F /* AIBackendProtocol.swift */; };
		1339DF5D7DB28F0048D95846 /* WebSearchService.swift in Sources */ = {isa = PBXBuildFile; fileRef = 44D24962AB43639AF3B59662 /* WebSearchService.swift */; };
		1376D457A78582EC5BF2872B /* VoiceActionService.swift in Sources */ = {isa = PBXBuildFile; fileRef = 0BD7D3D0DE6CC558F9E70E89 /* VoiceActionService.swift */; };
		16938F38C966F6D4119BA188 /* CallEarconService.swift in Sources */ = {isa = PBXBuildFile; fileRef = 17098A398E987CBB0D0A0127 /* CallEarconService.swift */; };
		186FD72F369F1962B15EB858 /* OpenClawService.swift in Sources */ = {isa = PBXBuildFile; fileRef = C539AB340611B1A6CCC50F17 /* OpenClawService.swift */; };
		1D0AEF3C7A810FF410C8F2E5 /* SessionRecorder.swift in Sources */ = {isa = PBXBuildFile; fileRef = 06B8E5499FB1BA51EF6F1741 /* SessionRecorder.swift */; };
		1EBFC1E4E4B606FE6EFF8F95 /* VoiceActionTests.swift in Sources */ = {isa = PBXBuildFile; fileRef = 2A348AC35DAA430AD24B329D /* VoiceActionTests.swift */; };
		1EEA4B0E379A76881244FAB9 /* SettingsView.swift in Sources */ = {isa = PBXBuildFile; fileRef = 3DE51DA812A9394A5064F60E /* SettingsView.swift */; };
		223474C328BCC3C81ADCB93D /* OpenAIService.swift in Sources */ = {isa = PBXBuildFile; fileRef = FFDF4A693D2CEB248757FBD3 /* OpenAIService.swift */; };
		2947D6E5D6D5B7080C53D478 /* OnboardingView.swift in Sources */ = {isa = PBXBuildFile; fileRef = C27052ECD2FFC79652B5CDB3 /* OnboardingView.swift */; };
		29F56C03229677BC1F157CEC /* HapticFeedback.swift in Sources */ = {isa = PBXBuildFile; fileRef = CAD745CF110FC8C25A5B34D8 /* HapticFeedback.swift */; };
		30442E82FFAD470C97955E08 /* DocumentsSettingsView.swift in Sources */ = {isa = PBXBuildFile; fileRef = D90D9F1BC899853EFD1C56C0 /* DocumentsSettingsView.swift */; };
		3069D5D002C64029E1A09728 /* Config.swift in Sources */ = {isa = PBXBuildFile; fileRef = 60E2210A5A20177647BDB5AD /* Config.swift */; };
		313177DDBE794549925682FA /* GemmaSettingsView.swift in Sources */ = {isa = PBXBuildFile; fileRef = C1BFC8380B5BDA0778E04EAB /* GemmaSettingsView.swift */; };
		33D67E4757C03873F8FED385 /* MLXLLM in Frameworks */ = {isa = PBXBuildFile; productRef = 0DB70D0CA14C70A3B9547241 /* MLXLLM */; };
		341497F0AA31AE9C6E137386 /* MemoriesView.swift in Sources */ = {isa = PBXBuildFile; fileRef = 484468B5604EFF4051074762 /* MemoriesView.swift */; };
		342B57112073CFC14CD78614 /* VoiceCommandService.swift in Sources */ = {isa = PBXBuildFile; fileRef = C2B5A07D9F5C0579C275C597 /* VoiceCommandService.swift */; };
		359A931F49DDF267F80B07B2 /* AudioPlaybackService.swift in Sources */ = {isa = PBXBuildFile; fileRef = 529F4C0838CFE7F8F55E28E4 /* AudioPlaybackService.swift */; };
		361AD2F1AB7C557D47CD125D /* TextChunkingTests.swift in Sources */ = {isa = PBXBuildFile; fileRef = C05A9A6876CC108B7CEDFDFC /* TextChunkingTests.swift */; };
		37787EEECF8236DABFDE4D3D /* OVExceptionCatcher.m in Sources */ = {isa = PBXBuildFile; fileRef = 09CF2D46A856380011EEC513 /* OVExceptionCatcher.m */; };
		3861B459D0E170DEFEB6BA09 /* RealtimePlaybackTests.swift in Sources */ = {isa = PBXBuildFile; fileRef = 257CFA920D044908381B85FE /* RealtimePlaybackTests.swift */; };
		3A3AC3A91A768EAE0B643B95 /* VoiceSelectionView.swift in Sources */ = {isa = PBXBuildFile; fileRef = F1FEE8399255B598700D2F1F /* VoiceSelectionView.swift */; };
		3CEB0ABE3CA96726C9FC7C3F /* AppleIntelligenceSettingsView.swift in Sources */ = {isa = PBXBuildFile; fileRef = 9BDBCEE6B3B8DF551525A4DA /* AppleIntelligenceSettingsView.swift */; };
		3D871EEF1178A47F4999C7F2 /* AdditionalInstructionsView.swift in Sources */ = {isa = PBXBuildFile; fileRef = 516A0726470BFA8BD9B55F3F /* AdditionalInstructionsView.swift */; };
		408073C736E7EB74442648EF /* MLXVLM in Frameworks */ = {isa = PBXBuildFile; productRef = FEDC861C14CDA73BBCF6CCFD /* MLXVLM */; };
		456B4E46EE405F5C8F45B04D /* Theme.swift in Sources */ = {isa = PBXBuildFile; fileRef = 1ABBF4AC21A442A2C3CF6750 /* Theme.swift */; };
		49DFBFFE52D341E96BCE382E /* AppleFoundationService.swift in Sources */ = {isa = PBXBuildFile; fileRef = A7B97C063C947F53F6E209D1 /* AppleFoundationService.swift */; };
		4D19EC56086055CB93AB500D /* AureliaServerTTSService.swift in Sources */ = {isa = PBXBuildFile; fileRef = 7FF8A489F2B288429304002A /* AureliaServerTTSService.swift */; };
		4DFF630E56769253493B4B57 /* NotificationForegroundPresenter.swift in Sources */ = {isa = PBXBuildFile; fileRef = 4831CE885B0320D9CAD71736 /* NotificationForegroundPresenter.swift */; };
		52E3A16AB6227CDA3D67817D /* AppSettings.swift in Sources */ = {isa = PBXBuildFile; fileRef = B2FD4A9B156D92B468B28864 /* AppSettings.swift */; };
		53B484EF0A2017B9718AC548 /* WebSearchSettingsView.swift in Sources */ = {isa = PBXBuildFile; fileRef = 71ACC88CE5E9E799ED607853 /* WebSearchSettingsView.swift */; };
		53C17BBA774E7D3D4E295584 /* LocalAgent.swift in Sources */ = {isa = PBXBuildFile; fileRef = CEE6F61B22736F87248FD0F5 /* LocalAgent.swift */; };
		5652332DECCFA2D845F25A8C /* NativeTool.swift in Sources */ = {isa = PBXBuildFile; fileRef = DA6DC62CBCB893C9A9922686 /* NativeTool.swift */; };
		587295A93FA82DEBB18139BB /* GlassCard.swift in Sources */ = {isa = PBXBuildFile; fileRef = 01CC70E5327BD07B920833FC /* GlassCard.swift */; };
		592C3761D12888A4F7E4562E /* CalendarTool.swift in Sources */ = {isa = PBXBuildFile; fileRef = 83CCAB822E3A2D55FB3C338A /* CalendarTool.swift */; };
		5C474A09B3067A8ACD7546C1 /* AudioCaptureService.swift in Sources */ = {isa = PBXBuildFile; fileRef = B2B78D6C28BEFF1F8426997C /* AudioCaptureService.swift */; };
		5F19226406CF5B705B57BACF /* NativeToolSupportTests.swift in Sources */ = {isa = PBXBuildFile; fileRef = BE4D7E31C137C29246EB9281 /* NativeToolSupportTests.swift */; };
		5F9D55BB6AA2E4CF8AF85A49 /* PomodoroTool.swift in Sources */ = {isa = PBXBuildFile; fileRef = 45142B60B3D9295D07A3107F /* PomodoroTool.swift */; };
		62B472287A9628E0E6FB377D /* GemmaLocalService.swift in Sources */ = {isa = PBXBuildFile; fileRef = DFBB8B07B4970CA5F63B3B2A /* GemmaLocalService.swift */; };
		6627E81162A701E7EA1E6669 /* ContextualNoteTool.swift in Sources */ = {isa = PBXBuildFile; fileRef = 386A275ADCDB662B19D8E36F /* ContextualNoteTool.swift */; };
		67FDB8417ED64F0FF8B576F5 /* Tokenizers in Frameworks */ = {isa = PBXBuildFile; productRef = 8F8A2A9D74F79603F186C7B4 /* Tokenizers */; };
		6878487E101CAC3A8BF651E9 /* AnimatedBackground.swift in Sources */ = {isa = PBXBuildFile; fileRef = 41F6DCD4CB868C1A5711F96D /* AnimatedBackground.swift */; };
		6C065C29CC13488E67A70363 /* SoundService.swift in Sources */ = {isa = PBXBuildFile; fileRef = CE2B8AE1E195B62D980BEA66 /* SoundService.swift */; };
		6E678BA570E5148EE9D9B4FE /* MLXHuggingFace in Frameworks */ = {isa = PBXBuildFile; productRef = 4169E6A87853A9ECECC3C6E4 /* MLXHuggingFace */; };
		6F8F4FD14445FC3FE1A771D2 /* Assets.xcassets in Resources */ = {isa = PBXBuildFile; fileRef = 2410F1B11CD5A7070F3E7590 /* Assets.xcassets */; };
		727F307403AA023DBFDA95D9 /* VoiceActionBar.swift in Sources */ = {isa = PBXBuildFile; fileRef = 60C47C490AC346C5646BBA63 /* VoiceActionBar.swift */; };
		758F66B632E8A1CBDBB40094 /* OpenClawSettingsView.swift in Sources */ = {isa = PBXBuildFile; fileRef = EAFCA981F220C3F978645D70 /* OpenClawSettingsView.swift */; };
		7694BA570FF3ACCF29E2C5C9 /* GeminiLiveService.swift in Sources */ = {isa = PBXBuildFile; fileRef = ADCFF581A7AE50FBF35EA257 /* GeminiLiveService.swift */; };
		785BA1918981FE85679CC48E /* NativeToolSupport.swift in Sources */ = {isa = PBXBuildFile; fileRef = 392E993CFE4CF74C349B9CD9 /* NativeToolSupport.swift */; };
		788325C7CD43F35F069DCDCE /* ConversationListView.swift in Sources */ = {isa = PBXBuildFile; fileRef = 2E89F8710F8A609C73C717C0 /* ConversationListView.swift */; };
		79216FADF7B5CD556FD6FDEE /* FaceRecognitionService.swift in Sources */ = {isa = PBXBuildFile; fileRef = 6D80EDF3FFC20786ED7F6654 /* FaceRecognitionService.swift */; };
		79C519EDCA508C00DAAB1F6E /* VoiceSettingsView.swift in Sources */ = {isa = PBXBuildFile; fileRef = C42C04946FFC3B3A9DE78573 /* VoiceSettingsView.swift */; };
		7A0FECD93C32597CA6659BC9 /* TimerTool.swift in Sources */ = {isa = PBXBuildFile; fileRef = 605D6841BA373D249632606F /* TimerTool.swift */; };
		7C118644498027D47E828115 /* wake_word_ding.mp3 in Resources */ = {isa = PBXBuildFile; fileRef = 98C627C6F13B708A7A8D2CDA /* wake_word_ding.mp3 */; };
		7CE3313B3D27BADF471BC662 /* AIBackendConformances.swift in Sources */ = {isa = PBXBuildFile; fileRef = D0861272700BD040456BCAFE /* AIBackendConformances.swift */; };
		7EFA8E02534E7BD122331508 /* DocumentSearchTool.swift in Sources */ = {isa = PBXBuildFile; fileRef = 2C34D9959966F79B36E01B21 /* DocumentSearchTool.swift */; };
		800BD44B75446351A267E190 /* OpenAISettingsView.swift in Sources */ = {isa = PBXBuildFile; fileRef = 5D83F733F1799E2675A34CC4 /* OpenAISettingsView.swift */; };
		81F38E617E61131E8C87620B /* MWDATCore in Frameworks */ = {isa = PBXBuildFile; productRef = A7FF778329794C28B434EEAA /* MWDATCore */; };
		8351C940EEB51503B73F3449 /* KokoroSettingsView.swift in Sources */ = {isa = PBXBuildFile; fileRef = 4F363A639A7050AFBDFAF486 /* KokoroSettingsView.swift */; };
		84B1D84A04A576AF3E221398 /* VoiceModelChoices.swift in Sources */ = {isa = PBXBuildFile; fileRef = 4AB39C88AC270608DA97A983 /* VoiceModelChoices.swift */; };
		88419FB22964F22C4FB748C2 /* ClipboardTool.swift in Sources */ = {isa = PBXBuildFile; fileRef = F45F55A97C67CC055B44A349 /* ClipboardTool.swift */; };
		8BB3557D9BE4E9F2399BDBC1 /* VoiceAgentView.swift in Sources */ = {isa = PBXBuildFile; fileRef = 601D21AA8114E457F40C6C4A /* VoiceAgentView.swift */; };
		A0C761B8F65AD0892D3FB6E3 /* PhoneCameraService.swift in Sources */ = {isa = PBXBuildFile; fileRef = 1BAC1716146D3E2731035A11 /* PhoneCameraService.swift */; };
		A17626C4B92966423AF06452 /* OpenAIRealtimeService.swift in Sources */ = {isa = PBXBuildFile; fileRef = 422747099A4406E793760E57 /* OpenAIRealtimeService.swift */; };
		A7A3B0467B07F116AEF20BEE /* AudioSessionManager.swift in Sources */ = {isa = PBXBuildFile; fileRef = 3DA55F18F98C8B110680989C /* AudioSessionManager.swift */; };
		AF2C901CA288086B7EBA6083 /* Constants.swift in Sources */ = {isa = PBXBuildFile; fileRef = 7376B3EE1F53DF1BD56B1095 /* Constants.swift */; };
		B72ACD1B63980B9C4BBC7B8E /* MWDATCamera in Frameworks */ = {isa = PBXBuildFile; productRef = 0DEB724AE3EDB04ABE9E3768 /* MWDATCamera */; };
		B82C3BB7AED7C2367F729678 /* MLXLMCommon in Frameworks */ = {isa = PBXBuildFile; productRef = 6ADFD2818BFD4713F6BDA7F7 /* MLXLMCommon */; };
		B92EFADC07A10C9949406954 /* OVLog.swift in Sources */ = {isa = PBXBuildFile; fileRef = AC1FBEF7F3C8C552206B567A /* OVLog.swift */; };
		BE99A2B1118292BBC7E1FC59 /* GlassesManager.swift in Sources */ = {isa = PBXBuildFile; fileRef = 8DD25C635E9A37E7D6CA7677 /* GlassesManager.swift */; };
		BFC445B65C5C0BE610EC719E /* GeminiVisionService.swift in Sources */ = {isa = PBXBuildFile; fileRef = 2612B6630DAE1360F7FBFEE5 /* GeminiVisionService.swift */; };
		BFD9D5E86289F987AC6931B8 /* TranscriptBubble.swift in Sources */ = {isa = PBXBuildFile; fileRef = 0E256E8AF9CAB4123C91B979 /* TranscriptBubble.swift */; };
		C328DABCDFDF6531B38D4834 /* TTSService.swift in Sources */ = {isa = PBXBuildFile; fileRef = D416290774C17FDC0DDFBC68 /* TTSService.swift */; };
		C3B4CF9D8B6EC21957CC7BEF /* OpenClawProtocol.swift in Sources */ = {isa = PBXBuildFile; fileRef = 7946C8232CEA5A362056AC2A /* OpenClawProtocol.swift */; };
		C73C6168161C8A3DCED11B8E /* LiveEyePlanTests.swift in Sources */ = {isa = PBXBuildFile; fileRef = A4BDA8F2F09F48BF3A3949BD /* LiveEyePlanTests.swift */; };
		CB6636C853387785316153FD /* ReminderTool.swift in Sources */ = {isa = PBXBuildFile; fileRef = 356A075E2D281F1FF15A67C3 /* ReminderTool.swift */; };
		CBC50863A0C82CB068A92984 /* SpeechLocale.swift in Sources */ = {isa = PBXBuildFile; fileRef = AFA6022E2E7A8731D8E494C1 /* SpeechLocale.swift */; };
		CDA89E5AAAF25713C6321971 /* MainTabView.swift in Sources */ = {isa = PBXBuildFile; fileRef = 266032AAD0DF8037A64CAB15 /* MainTabView.swift */; };
		D56C470FC427A59946A0D074 /* DocumentFocus.swift in Sources */ = {isa = PBXBuildFile; fileRef = 80C62B272069858FF4763C8E /* DocumentFocus.swift */; };
		D78274C690CE91F7747815F8 /* thinking_loop.mp3 in Resources */ = {isa = PBXBuildFile; fileRef = 3846720B6096149DBB5ED5A9 /* thinking_loop.mp3 */; };
		D8F7D3BE11230D5DE55E8D18 /* VoiceAgentViewModel.swift in Sources */ = {isa = PBXBuildFile; fileRef = BEEDCA2C462B77066AA0CD25 /* VoiceAgentViewModel.swift */; };
		DB74FBBD6B28327F7C12D1CA /* ConversationContext.swift in Sources */ = {isa = PBXBuildFile; fileRef = EE6C681A43DB7DFF78CFE722 /* ConversationContext.swift */; };
		DBAD28D914AC862DB5E6F367 /* ConversationManager.swift in Sources */ = {isa = PBXBuildFile; fileRef = 9BCCC84E6880175BD83F37FD /* ConversationManager.swift */; };
		DC6776A7CBFBB8E151FB6B85 /* LocalAgentRouteTests.swift in Sources */ = {isa = PBXBuildFile; fileRef = DD3DFE96152AAE9145F104D6 /* LocalAgentRouteTests.swift */; };
		DCA893B0F4EB539CA4C1EC00 /* AppleNativeTools.swift in Sources */ = {isa = PBXBuildFile; fileRef = BDBE980F673E3077B58977E5 /* AppleNativeTools.swift */; };
		E002D977473CAE9959691682 /* Conversation.swift in Sources */ = {isa = PBXBuildFile; fileRef = 6188DD26571BACB30096654D /* Conversation.swift */; };
		E7CDE1FBC061C2DF4BDDD84E /* wake_activation.mp3 in Resources */ = {isa = PBXBuildFile; fileRef = 1DD518E30804BD392EEA0B34 /* wake_activation.mp3 */; };
		E8CAB8535CF9D8E5A678E563 /* LiveEyePlan.swift in Sources */ = {isa = PBXBuildFile; fileRef = 26B434A9C596391A988D1E72 /* LiveEyePlan.swift */; };
		E93E2788532682366707A34D /* GlassesSettingsView.swift in Sources */ = {isa = PBXBuildFile; fileRef = ED25EC5E800C216965A50F8A /* GlassesSettingsView.swift */; };
		E9628B20FB4654FBBFC61EF9 /* DocumentChunkingTests.swift in Sources */ = {isa = PBXBuildFile; fileRef = 39552315579536D518404FED /* DocumentChunkingTests.swift */; };
		EF5319DFC76B8BD9A50EF195 /* OpenVisionApp.swift in Sources */ = {isa = PBXBuildFile; fileRef = C3FFDFCB5AA5A664CC70E183 /* OpenVisionApp.swift */; };
		F18F96305B3187336A672BAE /* DocumentChunking.swift in Sources */ = {isa = PBXBuildFile; fileRef = 856B3530E83149C3CA2D2246 /* DocumentChunking.swift */; };
		F1D86E9A3AB2A994A205AB83 /* GeminiSettingsView.swift in Sources */ = {isa = PBXBuildFile; fileRef = 773753CA73EBA9F8C78BD8E4 /* GeminiSettingsView.swift */; };
		F5155F1DD262090EC1804C5F /* SwirlOrb.swift in Sources */ = {isa = PBXBuildFile; fileRef = A1E4A28F9C0979733D4ABDB2 /* SwirlOrb.swift */; };
		F6489F185DBE88FE282819D1 /* DocumentStore.swift in Sources */ = {isa = PBXBuildFile; fileRef = DAF763EF8FCBF8EC57D8B943 /* DocumentStore.swift */; };
		F7718545E4E6BB4A7773B564 /* SettingsManager.swift in Sources */ = {isa = PBXBuildFile; fileRef = ADC230E2AE44E5132DC5AB01 /* SettingsManager.swift */; };
		FCA8B46A222A0C469FF7873B /* KokoroTTSService.swift in Sources */ = {isa = PBXBuildFile; fileRef = BE848862D72446F7BBDD3D89 /* KokoroTTSService.swift */; };
		FCFECBF332943E64812DC931 /* AIBackendSettingsView.swift in Sources */ = {isa = PBXBuildFile; fileRef = 57A8327E5265287A0C89DE3D /* AIBackendSettingsView.swift */; };
		FFFDF7E8B3F8E6A194E1571E /* HuggingFace in Frameworks */ = {isa = PBXBuildFile; productRef = CCBF8A11015C4FD6F78FF103 /* HuggingFace */; };
/* End PBXBuildFile section */

/* Begin PBXContainerItemProxy section */
		878FCA5E5ACF645CA2719186 /* PBXContainerItemProxy */ = {
			isa = PBXContainerItemProxy;
			containerPortal = A599D5BA1E0116337F64521E /* Project object */;
			proxyType = 1;
			remoteGlobalIDString = 9418DE699CD106BA6A8A4B7E;
			remoteInfo = OpenVision;
		};
/* End PBXContainerItemProxy section */

/* Begin PBXFileReference section */
		01CC70E5327BD07B920833FC /* GlassCard.swift */ = {isa = PBXFileReference; lastKnownFileType = sourcecode.swift; path = GlassCard.swift; sourceTree = "<group>"; };
		06B8E5499FB1BA51EF6F1741 /* SessionRecorder.swift */ = {isa = PBXFileReference; lastKnownFileType = sourcecode.swift; path = SessionRecorder.swift; sourceTree = "<group>"; };
		09CF2D46A856380011EEC513 /* OVExceptionCatcher.m */ = {isa = PBXFileReference; lastKnownFileType = sourcecode.c.objc; path = OVExceptionCatcher.m; sourceTree = "<group>"; };
		0BD7D3D0DE6CC558F9E70E89 /* VoiceActionService.swift */ = {isa = PBXFileReference; lastKnownFileType = sourcecode.swift; path = VoiceActionService.swift; sourceTree = "<group>"; };
		0E256E8AF9CAB4123C91B979 /* TranscriptBubble.swift */ = {isa = PBXFileReference; lastKnownFileType = sourcecode.swift; path = TranscriptBubble.swift; sourceTree = "<group>"; };
		17098A398E987CBB0D0A0127 /* CallEarconService.swift */ = {isa = PBXFileReference; lastKnownFileType = sourcecode.swift; path = CallEarconService.swift; sourceTree = "<group>"; };
		1ABBF4AC21A442A2C3CF6750 /* Theme.swift */ = {isa = PBXFileReference; lastKnownFileType = sourcecode.swift; path = Theme.swift; sourceTree = "<group>"; };
		1BAC1716146D3E2731035A11 /* PhoneCameraService.swift */ = {isa = PBXFileReference; lastKnownFileType = sourcecode.swift; path = PhoneCameraService.swift; sourceTree = "<group>"; };
		1DD518E30804BD392EEA0B34 /* wake_activation.mp3 */ = {isa = PBXFileReference; lastKnownFileType = audio.mp3; path = wake_activation.mp3; sourceTree = "<group>"; };
		2410F1B11CD5A7070F3E7590 /* Assets.xcassets */ = {isa = PBXFileReference; lastKnownFileType = folder.assetcatalog; path = Assets.xcassets; sourceTree = "<group>"; };
		257CFA920D044908381B85FE /* RealtimePlaybackTests.swift */ = {isa = PBXFileReference; lastKnownFileType = sourcecode.swift; path = RealtimePlaybackTests.swift; sourceTree = "<group>"; };
		2612B6630DAE1360F7FBFEE5 /* GeminiVisionService.swift */ = {isa = PBXFileReference; lastKnownFileType = sourcecode.swift; path = GeminiVisionService.swift; sourceTree = "<group>"; };
		266032AAD0DF8037A64CAB15 /* MainTabView.swift */ = {isa = PBXFileReference; lastKnownFileType = sourcecode.swift; path = MainTabView.swift; sourceTree = "<group>"; };
		26B434A9C596391A988D1E72 /* LiveEyePlan.swift */ = {isa = PBXFileReference; lastKnownFileType = sourcecode.swift; path = LiveEyePlan.swift; sourceTree = "<group>"; };
		2A348AC35DAA430AD24B329D /* VoiceActionTests.swift */ = {isa = PBXFileReference; lastKnownFileType = sourcecode.swift; path = VoiceActionTests.swift; sourceTree = "<group>"; };
		2C34D9959966F79B36E01B21 /* DocumentSearchTool.swift */ = {isa = PBXFileReference; lastKnownFileType = sourcecode.swift; path = DocumentSearchTool.swift; sourceTree = "<group>"; };
		2E89F8710F8A609C73C717C0 /* ConversationListView.swift */ = {isa = PBXFileReference; lastKnownFileType = sourcecode.swift; path = ConversationListView.swift; sourceTree = "<group>"; };
		356A075E2D281F1FF15A67C3 /* ReminderTool.swift */ = {isa = PBXFileReference; lastKnownFileType = sourcecode.swift; path = ReminderTool.swift; sourceTree = "<group>"; };
		3846720B6096149DBB5ED5A9 /* thinking_loop.mp3 */ = {isa = PBXFileReference; lastKnownFileType = audio.mp3; path = thinking_loop.mp3; sourceTree = "<group>"; };
		386A275ADCDB662B19D8E36F /* ContextualNoteTool.swift */ = {isa = PBXFileReference; lastKnownFileType = sourcecode.swift; path = ContextualNoteTool.swift; sourceTree = "<group>"; };
		392E993CFE4CF74C349B9CD9 /* NativeToolSupport.swift */ = {isa = PBXFileReference; lastKnownFileType = sourcecode.swift; path = NativeToolSupport.swift; sourceTree = "<group>"; };
		39552315579536D518404FED /* DocumentChunkingTests.swift */ = {isa = PBXFileReference; lastKnownFileType = sourcecode.swift; path = DocumentChunkingTests.swift; sourceTree = "<group>"; };
		3DA55F18F98C8B110680989C /* AudioSessionManager.swift */ = {isa = PBXFileReference; lastKnownFileType = sourcecode.swift; path = AudioSessionManager.swift; sourceTree = "<group>"; };
		3DE51DA812A9394A5064F60E /* SettingsView.swift */ = {isa = PBXFileReference; lastKnownFileType = sourcecode.swift; path = SettingsView.swift; sourceTree = "<group>"; };
		41F6DCD4CB868C1A5711F96D /* AnimatedBackground.swift */ = {isa = PBXFileReference; lastKnownFileType = sourcecode.swift; path = AnimatedBackground.swift; sourceTree = "<group>"; };
		422747099A4406E793760E57 /* OpenAIRealtimeService.swift */ = {isa = PBXFileReference; lastKnownFileType = sourcecode.swift; path = OpenAIRealtimeService.swift; sourceTree = "<group>"; };
		44D24962AB43639AF3B59662 /* WebSearchService.swift */ = {isa = PBXFileReference; lastKnownFileType = sourcecode.swift; path = WebSearchService.swift; sourceTree = "<group>"; };
		45142B60B3D9295D07A3107F /* PomodoroTool.swift */ = {isa = PBXFileReference; lastKnownFileType = sourcecode.swift; path = PomodoroTool.swift; sourceTree = "<group>"; };
		4831CE885B0320D9CAD71736 /* NotificationForegroundPresenter.swift */ = {isa = PBXFileReference; lastKnownFileType = sourcecode.swift; path = NotificationForegroundPresenter.swift; sourceTree = "<group>"; };
		484468B5604EFF4051074762 /* MemoriesView.swift */ = {isa = PBXFileReference; lastKnownFileType = sourcecode.swift; path = MemoriesView.swift; sourceTree = "<group>"; };
		4AB39C88AC270608DA97A983 /* VoiceModelChoices.swift */ = {isa = PBXFileReference; lastKnownFileType = sourcecode.swift; path = VoiceModelChoices.swift; sourceTree = "<group>"; };
		4F363A639A7050AFBDFAF486 /* KokoroSettingsView.swift */ = {isa = PBXFileReference; lastKnownFileType = sourcecode.swift; path = KokoroSettingsView.swift; sourceTree = "<group>"; };
		516A0726470BFA8BD9B55F3F /* AdditionalInstructionsView.swift */ = {isa = PBXFileReference; lastKnownFileType = sourcecode.swift; path = AdditionalInstructionsView.swift; sourceTree = "<group>"; };
		529F4C0838CFE7F8F55E28E4 /* AudioPlaybackService.swift */ = {isa = PBXFileReference; lastKnownFileType = sourcecode.swift; path = AudioPlaybackService.swift; sourceTree = "<group>"; };
		57A8327E5265287A0C89DE3D /* AIBackendSettingsView.swift */ = {isa = PBXFileReference; lastKnownFileType = sourcecode.swift; path = AIBackendSettingsView.swift; sourceTree = "<group>"; };
		5D83F733F1799E2675A34CC4 /* OpenAISettingsView.swift */ = {isa = PBXFileReference; lastKnownFileType = sourcecode.swift; path = OpenAISettingsView.swift; sourceTree = "<group>"; };
		601D21AA8114E457F40C6C4A /* VoiceAgentView.swift */ = {isa = PBXFileReference; lastKnownFileType = sourcecode.swift; path = VoiceAgentView.swift; sourceTree = "<group>"; };
		605D6841BA373D249632606F /* TimerTool.swift */ = {isa = PBXFileReference; lastKnownFileType = sourcecode.swift; path = TimerTool.swift; sourceTree = "<group>"; };
		60C47C490AC346C5646BBA63 /* VoiceActionBar.swift */ = {isa = PBXFileReference; lastKnownFileType = sourcecode.swift; path = VoiceActionBar.swift; sourceTree = "<group>"; };
		60E2210A5A20177647BDB5AD /* Config.swift */ = {isa = PBXFileReference; lastKnownFileType = sourcecode.swift; path = Config.swift; sourceTree = "<group>"; };
		6188DD26571BACB30096654D /* Conversation.swift */ = {isa = PBXFileReference; lastKnownFileType = sourcecode.swift; path = Conversation.swift; sourceTree = "<group>"; };
		6D80EDF3FFC20786ED7F6654 /* FaceRecognitionService.swift */ = {isa = PBXFileReference; lastKnownFileType = sourcecode.swift; path = FaceRecognitionService.swift; sourceTree = "<group>"; };
		71ACC88CE5E9E799ED607853 /* WebSearchSettingsView.swift */ = {isa = PBXFileReference; lastKnownFileType = sourcecode.swift; path = WebSearchSettingsView.swift; sourceTree = "<group>"; };
		7376B3EE1F53DF1BD56B1095 /* Constants.swift */ = {isa = PBXFileReference; lastKnownFileType = sourcecode.swift; path = Constants.swift; sourceTree = "<group>"; };
		773753CA73EBA9F8C78BD8E4 /* GeminiSettingsView.swift */ = {isa = PBXFileReference; lastKnownFileType = sourcecode.swift; path = GeminiSettingsView.swift; sourceTree = "<group>"; };
		7946C8232CEA5A362056AC2A /* OpenClawProtocol.swift */ = {isa = PBXFileReference; lastKnownFileType = sourcecode.swift; path = OpenClawProtocol.swift; sourceTree = "<group>"; };
		7FF8A489F2B288429304002A /* AureliaServerTTSService.swift */ = {isa = PBXFileReference; lastKnownFileType = sourcecode.swift; path = AureliaServerTTSService.swift; sourceTree = "<group>"; };
		80C62B272069858FF4763C8E /* DocumentFocus.swift */ = {isa = PBXFileReference; lastKnownFileType = sourcecode.swift; path = DocumentFocus.swift; sourceTree = "<group>"; };
		83CCAB822E3A2D55FB3C338A /* CalendarTool.swift */ = {isa = PBXFileReference; lastKnownFileType = sourcecode.swift; path = CalendarTool.swift; sourceTree = "<group>"; };
		856B3530E83149C3CA2D2246 /* DocumentChunking.swift */ = {isa = PBXFileReference; lastKnownFileType = sourcecode.swift; path = DocumentChunking.swift; sourceTree = "<group>"; };
		8601201988376029090B1EAA /* OpenVision.app */ = {isa = PBXFileReference; includeInIndex = 0; lastKnownFileType = wrapper.application; path = OpenVision.app; sourceTree = BUILT_PRODUCTS_DIR; };
		8D8637C15D8F2B68599FA38D /* OpenVision.entitlements */ = {isa = PBXFileReference; lastKnownFileType = text.plist.entitlements; path = OpenVision.entitlements; sourceTree = "<group>"; };
		8DD25C635E9A37E7D6CA7677 /* GlassesManager.swift */ = {isa = PBXFileReference; lastKnownFileType = sourcecode.swift; path = GlassesManager.swift; sourceTree = "<group>"; };
		98C627C6F13B708A7A8D2CDA /* wake_word_ding.mp3 */ = {isa = PBXFileReference; lastKnownFileType = audio.mp3; path = wake_word_ding.mp3; sourceTree = "<group>"; };
		9BCCC84E6880175BD83F37FD /* ConversationManager.swift */ = {isa = PBXFileReference; lastKnownFileType = sourcecode.swift; path = ConversationManager.swift; sourceTree = "<group>"; };
		9BDBCEE6B3B8DF551525A4DA /* AppleIntelligenceSettingsView.swift */ = {isa = PBXFileReference; lastKnownFileType = sourcecode.swift; path = AppleIntelligenceSettingsView.swift; sourceTree = "<group>"; };
		A1E4A28F9C0979733D4ABDB2 /* SwirlOrb.swift */ = {isa = PBXFileReference; lastKnownFileType = sourcecode.swift; path = SwirlOrb.swift; sourceTree = "<group>"; };
		A4BDA8F2F09F48BF3A3949BD /* LiveEyePlanTests.swift */ = {isa = PBXFileReference; lastKnownFileType = sourcecode.swift; path = LiveEyePlanTests.swift; sourceTree = "<group>"; };
		A7B97C063C947F53F6E209D1 /* AppleFoundationService.swift */ = {isa = PBXFileReference; lastKnownFileType = sourcecode.swift; path = AppleFoundationService.swift; sourceTree = "<group>"; };
		A900F00D2451513A29BC4C6F /* AIBackendProtocol.swift */ = {isa = PBXFileReference; lastKnownFileType = sourcecode.swift; path = AIBackendProtocol.swift; sourceTree = "<group>"; };
		AC1FBEF7F3C8C552206B567A /* OVLog.swift */ = {isa = PBXFileReference; lastKnownFileType = sourcecode.swift; path = OVLog.swift; sourceTree = "<group>"; };
		ACA3BB4BDC73148785327C9A /* OpenVisionTests.xctest */ = {isa = PBXFileReference; includeInIndex = 0; lastKnownFileType = wrapper.cfbundle; path = OpenVisionTests.xctest; sourceTree = BUILT_PRODUCTS_DIR; };
		ADC230E2AE44E5132DC5AB01 /* SettingsManager.swift */ = {isa = PBXFileReference; lastKnownFileType = sourcecode.swift; path = SettingsManager.swift; sourceTree = "<group>"; };
		ADCFF581A7AE50FBF35EA257 /* GeminiLiveService.swift */ = {isa = PBXFileReference; lastKnownFileType = sourcecode.swift; path = GeminiLiveService.swift; sourceTree = "<group>"; };
		AFA6022E2E7A8731D8E494C1 /* SpeechLocale.swift */ = {isa = PBXFileReference; lastKnownFileType = sourcecode.swift; path = SpeechLocale.swift; sourceTree = "<group>"; };
		B2B78D6C28BEFF1F8426997C /* AudioCaptureService.swift */ = {isa = PBXFileReference; lastKnownFileType = sourcecode.swift; path = AudioCaptureService.swift; sourceTree = "<group>"; };
		B2FD4A9B156D92B468B28864 /* AppSettings.swift */ = {isa = PBXFileReference; lastKnownFileType = sourcecode.swift; path = AppSettings.swift; sourceTree = "<group>"; };
		B3EA2C9ECF6267FA35B0AE7E /* Config.xcconfig */ = {isa = PBXFileReference; lastKnownFileType = text.xcconfig; path = Config.xcconfig; sourceTree = "<group>"; };
		BDBE980F673E3077B58977E5 /* AppleNativeTools.swift */ = {isa = PBXFileReference; lastKnownFileType = sourcecode.swift; path = AppleNativeTools.swift; sourceTree = "<group>"; };
		BE4D7E31C137C29246EB9281 /* NativeToolSupportTests.swift */ = {isa = PBXFileReference; lastKnownFileType = sourcecode.swift; path = NativeToolSupportTests.swift; sourceTree = "<group>"; };
		BE848862D72446F7BBDD3D89 /* KokoroTTSService.swift */ = {isa = PBXFileReference; lastKnownFileType = sourcecode.swift; path = KokoroTTSService.swift; sourceTree = "<group>"; };
		BEEDCA2C462B77066AA0CD25 /* VoiceAgentViewModel.swift */ = {isa = PBXFileReference; lastKnownFileType = sourcecode.swift; path = VoiceAgentViewModel.swift; sourceTree = "<group>"; };
		C05A9A6876CC108B7CEDFDFC /* TextChunkingTests.swift */ = {isa = PBXFileReference; lastKnownFileType = sourcecode.swift; path = TextChunkingTests.swift; sourceTree = "<group>"; };
		C1BF0DC63344C51A046E37E0 /* OVExceptionCatcher.h */ = {isa = PBXFileReference; lastKnownFileType = sourcecode.c.h; path = OVExceptionCatcher.h; sourceTree = "<group>"; };
		C1BFC8380B5BDA0778E04EAB /* GemmaSettingsView.swift */ = {isa = PBXFileReference; lastKnownFileType = sourcecode.swift; path = GemmaSettingsView.swift; sourceTree = "<group>"; };
		C27052ECD2FFC79652B5CDB3 /* OnboardingView.swift */ = {isa = PBXFileReference; lastKnownFileType = sourcecode.swift; path = OnboardingView.swift; sourceTree = "<group>"; };
		C2B5A07D9F5C0579C275C597 /* VoiceCommandService.swift */ = {isa = PBXFileReference; lastKnownFileType = sourcecode.swift; path = VoiceCommandService.swift; sourceTree = "<group>"; };
		C3FFDFCB5AA5A664CC70E183 /* OpenVisionApp.swift */ = {isa = PBXFileReference; lastKnownFileType = sourcecode.swift; path = OpenVisionApp.swift; sourceTree = "<group>"; };
		C42C04946FFC3B3A9DE78573 /* VoiceSettingsView.swift */ = {isa = PBXFileReference; lastKnownFileType = sourcecode.swift; path = VoiceSettingsView.swift; sourceTree = "<group>"; };
		C539AB340611B1A6CCC50F17 /* OpenClawService.swift */ = {isa = PBXFileReference; lastKnownFileType = sourcecode.swift; path = OpenClawService.swift; sourceTree = "<group>"; };
		CAD745CF110FC8C25A5B34D8 /* HapticFeedback.swift */ = {isa = PBXFileReference; lastKnownFileType = sourcecode.swift; path = HapticFeedback.swift; sourceTree = "<group>"; };
		CE2B8AE1E195B62D980BEA66 /* SoundService.swift */ = {isa = PBXFileReference; lastKnownFileType = sourcecode.swift; path = SoundService.swift; sourceTree = "<group>"; };
		CEE6F61B22736F87248FD0F5 /* LocalAgent.swift */ = {isa = PBXFileReference; lastKnownFileType = sourcecode.swift; path = LocalAgent.swift; sourceTree = "<group>"; };
		D0861272700BD040456BCAFE /* AIBackendConformances.swift */ = {isa = PBXFileReference; lastKnownFileType = sourcecode.swift; path = AIBackendConformances.swift; sourceTree = "<group>"; };
		D1428DBC281E476E9331F9B4 /* OpenVision-Bridging-Header.h */ = {isa = PBXFileReference; lastKnownFileType = sourcecode.c.h; path = "OpenVision-Bridging-Header.h"; sourceTree = "<group>"; };
		D2563E08B4723C4A8848A8A6 /* kokoro-ios */ = {isa = PBXFileReference; lastKnownFileType = folder; name = "kokoro-ios"; path = "Vendor/kokoro-ios"; sourceTree = SOURCE_ROOT; };
		D416290774C17FDC0DDFBC68 /* TTSService.swift */ = {isa = PBXFileReference; lastKnownFileType = sourcecode.swift; path = TTSService.swift; sourceTree = "<group>"; };
		D90D9F1BC899853EFD1C56C0 /* DocumentsSettingsView.swift */ = {isa = PBXFileReference; lastKnownFileType = sourcecode.swift; path = DocumentsSettingsView.swift; sourceTree = "<group>"; };
		DA6DC62CBCB893C9A9922686 /* NativeTool.swift */ = {isa = PBXFileReference; lastKnownFileType = sourcecode.swift; path = NativeTool.swift; sourceTree = "<group>"; };
		DAF763EF8FCBF8EC57D8B943 /* DocumentStore.swift */ = {isa = PBXFileReference; lastKnownFileType = sourcecode.swift; path = DocumentStore.swift; sourceTree = "<group>"; };
		DD3DFE96152AAE9145F104D6 /* LocalAgentRouteTests.swift */ = {isa = PBXFileReference; lastKnownFileType = sourcecode.swift; path = LocalAgentRouteTests.swift; sourceTree = "<group>"; };
		DFBB8B07B4970CA5F63B3B2A /* GemmaLocalService.swift */ = {isa = PBXFileReference; lastKnownFileType = sourcecode.swift; path = GemmaLocalService.swift; sourceTree = "<group>"; };
		E553EFA930E3B93EEA8F0AB6 /* Info.plist */ = {isa = PBXFileReference; lastKnownFileType = text.plist; path = Info.plist; sourceTree = "<group>"; };
		EAFCA981F220C3F978645D70 /* OpenClawSettingsView.swift */ = {isa = PBXFileReference; lastKnownFileType = sourcecode.swift; path = OpenClawSettingsView.swift; sourceTree = "<group>"; };
		ED25EC5E800C216965A50F8A /* GlassesSettingsView.swift */ = {isa = PBXFileReference; lastKnownFileType = sourcecode.swift; path = GlassesSettingsView.swift; sourceTree = "<group>"; };
		EE6C681A43DB7DFF78CFE722 /* ConversationContext.swift */ = {isa = PBXFileReference; lastKnownFileType = sourcecode.swift; path = ConversationContext.swift; sourceTree = "<group>"; };
		F1FEE8399255B598700D2F1F /* VoiceSelectionView.swift */ = {isa = PBXFileReference; lastKnownFileType = sourcecode.swift; path = VoiceSelectionView.swift; sourceTree = "<group>"; };
		F45F55A97C67CC055B44A349 /* ClipboardTool.swift */ = {isa = PBXFileReference; lastKnownFileType = sourcecode.swift; path = ClipboardTool.swift; sourceTree = "<group>"; };
		FFDF4A693D2CEB248757FBD3 /* OpenAIService.swift */ = {isa = PBXFileReference; lastKnownFileType = sourcecode.swift; path = OpenAIService.swift; sourceTree = "<group>"; };
/* End PBXFileReference section */

/* Begin PBXFrameworksBuildPhase section */
		87357360DEA5EAA22E564B39 /* Frameworks */ = {
			isa = PBXFrameworksBuildPhase;
			buildActionMask = 2147483647;
			files = (
				81F38E617E61131E8C87620B /* MWDATCore in Frameworks */,
				B72ACD1B63980B9C4BBC7B8E /* MWDATCamera in Frameworks */,
				33D67E4757C03873F8FED385 /* MLXLLM in Frameworks */,
				408073C736E7EB74442648EF /* MLXVLM in Frameworks */,
				B82C3BB7AED7C2367F729678 /* MLXLMCommon in Frameworks */,
				6E678BA570E5148EE9D9B4FE /* MLXHuggingFace in Frameworks */,
				FFFDF7E8B3F8E6A194E1571E /* HuggingFace in Frameworks */,
				67FDB8417ED64F0FF8B576F5 /* Tokenizers in Frameworks */,
				08440F1603742AB28B2B4815 /* KokoroSwift in Frameworks */,
			);
			runOnlyForDeploymentPostprocessing = 0;
		};
/* End PBXFrameworksBuildPhase section */

/* Begin PBXGroup section */
		0194EEF861E1966DBDC3B665 /* Settings */ = {
			isa = PBXGroup;
			children = (
				516A0726470BFA8BD9B55F3F /* AdditionalInstructionsView.swift */,
				57A8327E5265287A0C89DE3D /* AIBackendSettingsView.swift */,
				9BDBCEE6B3B8DF551525A4DA /* AppleIntelligenceSettingsView.swift */,
				D90D9F1BC899853EFD1C56C0 /* DocumentsSettingsView.swift */,
				773753CA73EBA9F8C78BD8E4 /* GeminiSettingsView.swift */,
				C1BFC8380B5BDA0778E04EAB /* GemmaSettingsView.swift */,
				ED25EC5E800C216965A50F8A /* GlassesSettingsView.swift */,
				4F363A639A7050AFBDFAF486 /* KokoroSettingsView.swift */,
				484468B5604EFF4051074762 /* MemoriesView.swift */,
				5D83F733F1799E2675A34CC4 /* OpenAISettingsView.swift */,
				EAFCA981F220C3F978645D70 /* OpenClawSettingsView.swift */,
				3DE51DA812A9394A5064F60E /* SettingsView.swift */,
				F1FEE8399255B598700D2F1F /* VoiceSelectionView.swift */,
				C42C04946FFC3B3A9DE78573 /* VoiceSettingsView.swift */,
				71ACC88CE5E9E799ED607853 /* WebSearchSettingsView.swift */,
			);
			path = Settings;
			sourceTree = "<group>";
		};
		03755A8F00C2C19369155953 /* OpenAIRealtime */ = {
			isa = PBXGroup;
			children = (
				422747099A4406E793760E57 /* OpenAIRealtimeService.swift */,
				4AB39C88AC270608DA97A983 /* VoiceModelChoices.swift */,
			);
			path = OpenAIRealtime;
			sourceTree = "<group>";
		};
		08BECAB3B21962AC66EEA3C9 /* Models */ = {
			isa = PBXGroup;
			children = (
				B2FD4A9B156D92B468B28864 /* AppSettings.swift */,
				6188DD26571BACB30096654D /* Conversation.swift */,
				AFA6022E2E7A8731D8E494C1 /* SpeechLocale.swift */,
			);
			path = Models;
			sourceTree = "<group>";
		};
		09EB633ED6C10098514FA100 /* OpenVision */ = {
			isa = PBXGroup;
			children = (
				6F88A349C5879912D099B630 /* App */,
				1809BD830DBC630F8C825889 /* Config */,
				B873D46B8543EB29620F1E51 /* Managers */,
				08BECAB3B21962AC66EEA3C9 /* Models */,
				D77F9080898B1259B3CAC33D /* Resources */,
				73C8E684016E1E082B6511F2 /* Services */,
				35DFB6AFBC95C8461F7FE361 /* Utilities */,
				198BDC47F90490C1B36B7B72 /* Views */,
				D1428DBC281E476E9331F9B4 /* OpenVision-Bridging-Header.h */,
				8D8637C15D8F2B68599FA38D /* OpenVision.entitlements */,
			);
			path = OpenVision;
			sourceTree = "<group>";
		};
		1809BD830DBC630F8C825889 /* Config */ = {
			isa = PBXGroup;
			children = (
				60E2210A5A20177647BDB5AD /* Config.swift */,
				7376B3EE1F53DF1BD56B1095 /* Constants.swift */,
				AC1FBEF7F3C8C552206B567A /* OVLog.swift */,
			);
			path = Config;
			sourceTree = "<group>";
		};
		198BDC47F90490C1B36B7B72 /* Views */ = {
			isa = PBXGroup;
			children = (
				FCFDEAC4C8892533CE36C394 /* Components */,
				4EED49775404F3FCDDF6904A /* History */,
				0194EEF861E1966DBDC3B665 /* Settings */,
				738FAA097CCCDFD54C60C673 /* VoiceAgent */,
				266032AAD0DF8037A64CAB15 /* MainTabView.swift */,
			);
			path = Views;
			sourceTree = "<group>";
		};
		2250FA48F206C7E76373000D /* GeminiLive */ = {
			isa = PBXGroup;
			children = (
				ADCFF581A7AE50FBF35EA257 /* GeminiLiveService.swift */,
				2612B6630DAE1360F7FBFEE5 /* GeminiVisionService.swift */,
			);
			path = GeminiLive;
			sourceTree = "<group>";
		};
		35DFB6AFBC95C8461F7FE361 /* Utilities */ = {
			isa = PBXGroup;
			children = (
				6FD79E4F6FC7AFD859C7CF97 /* Helpers */,
			);
			path = Utilities;
			sourceTree = "<group>";
		};
		36F672D5AB5BCE7D4C73AA30 /* Products */ = {
			isa = PBXGroup;
			children = (
				8601201988376029090B1EAA /* OpenVision.app */,
				ACA3BB4BDC73148785327C9A /* OpenVisionTests.xctest */,
			);
			name = Products;
			sourceTree = "<group>";
		};
		4EED49775404F3FCDDF6904A /* History */ = {
			isa = PBXGroup;
			children = (
				2E89F8710F8A609C73C717C0 /* ConversationListView.swift */,
			);
			path = History;
			sourceTree = "<group>";
		};
		500CF1A1CC87EC3E3E60B086 /* Voice */ = {
			isa = PBXGroup;
			children = (
				0BD7D3D0DE6CC558F9E70E89 /* VoiceActionService.swift */,
				C2B5A07D9F5C0579C275C597 /* VoiceCommandService.swift */,
			);
			path = Voice;
			sourceTree = "<group>";
		};
		6B0B152C6E932E62A9D51175 /* Web */ = {
			isa = PBXGroup;
			children = (
				44D24962AB43639AF3B59662 /* WebSearchService.swift */,
			);
			path = Web;
			sourceTree = "<group>";
		};
		6CBFDF50FCD7E9FD672D9DA7 /* Recording */ = {
			isa = PBXGroup;
			children = (
				06B8E5499FB1BA51EF6F1741 /* SessionRecorder.swift */,
			);
			path = Recording;
			sourceTree = "<group>";
		};
		6F88A349C5879912D099B630 /* App */ = {
			isa = PBXGroup;
			children = (
				C3FFDFCB5AA5A664CC70E183 /* OpenVisionApp.swift */,
			);
			path = App;
			sourceTree = "<group>";
		};
		6FD79E4F6FC7AFD859C7CF97 /* Helpers */ = {
			isa = PBXGroup;
			children = (
				CAD745CF110FC8C25A5B34D8 /* HapticFeedback.swift */,
				C1BF0DC63344C51A046E37E0 /* OVExceptionCatcher.h */,
				09CF2D46A856380011EEC513 /* OVExceptionCatcher.m */,
			);
			path = Helpers;
			sourceTree = "<group>";
		};
		738FAA097CCCDFD54C60C673 /* VoiceAgent */ = {
			isa = PBXGroup;
			children = (
				26B434A9C596391A988D1E72 /* LiveEyePlan.swift */,
				60C47C490AC346C5646BBA63 /* VoiceActionBar.swift */,
				601D21AA8114E457F40C6C4A /* VoiceAgentView.swift */,
				BEEDCA2C462B77066AA0CD25 /* VoiceAgentViewModel.swift */,
			);
			path = VoiceAgent;
			sourceTree = "<group>";
		};
		73C8E684016E1E082B6511F2 /* Services */ = {
			isa = PBXGroup;
			children = (
				F5B2AD1E1FABED62439F7733 /* AIBackend */,
				95CA46C43A53365AD4139930 /* AppleFoundation */,
				A29C7061AA685E560166CE85 /* Audio */,
				8E63FD05660B86DF84DCAF42 /* Camera */,
				7B780FDA4F96B3F7AB139870 /* Documents */,
				2250FA48F206C7E76373000D /* GeminiLive */,
				B929FE4E9AB889620F64C057 /* GemmaLocal */,
				AFC04292177BAB72780D70D7 /* LocalAgent */,
				C37934DAC6755B4E1A63B13F /* NativeTools */,
				03755A8F00C2C19369155953 /* OpenAIRealtime */,
				867CD5E802B9354B21C23D0B /* OpenClaw */,
				6CBFDF50FCD7E9FD672D9DA7 /* Recording */,
				C6EBF5734AD805262779ECA5 /* TTS */,
				FE408AE66B4AA82F2C43B752 /* Vision */,
				500CF1A1CC87EC3E3E60B086 /* Voice */,
				6B0B152C6E932E62A9D51175 /* Web */,
			);
			path = Services;
			sourceTree = "<group>";
		};
		7934564BE3BC49067064F095 /* openvision-margo-build */ = {
			isa = PBXGroup;
			children = (
				B3EA2C9ECF6267FA35B0AE7E /* Config.xcconfig */,
			);
			name = "openvision-margo-build";
			path = .;
			sourceTree = "<group>";
		};
		7B780FDA4F96B3F7AB139870 /* Documents */ = {
			isa = PBXGroup;
			children = (
				856B3530E83149C3CA2D2246 /* DocumentChunking.swift */,
				80C62B272069858FF4763C8E /* DocumentFocus.swift */,
				2C34D9959966F79B36E01B21 /* DocumentSearchTool.swift */,
				DAF763EF8FCBF8EC57D8B943 /* DocumentStore.swift */,
			);
			path = Documents;
			sourceTree = "<group>";
		};
		867CD5E802B9354B21C23D0B /* OpenClaw */ = {
			isa = PBXGroup;
			children = (
				7946C8232CEA5A362056AC2A /* OpenClawProtocol.swift */,
				C539AB340611B1A6CCC50F17 /* OpenClawService.swift */,
			);
			path = OpenClaw;
			sourceTree = "<group>";
		};
		8E63FD05660B86DF84DCAF42 /* Camera */ = {
			isa = PBXGroup;
			children = (
				1BAC1716146D3E2731035A11 /* PhoneCameraService.swift */,
			);
			path = Camera;
			sourceTree = "<group>";
		};
		8F12C1169529CE44B11137F4 /* Packages */ = {
			isa = PBXGroup;
			children = (
				D2563E08B4723C4A8848A8A6 /* kokoro-ios */,
			);
			name = Packages;
			sourceTree = "<group>";
		};
		95CA46C43A53365AD4139930 /* AppleFoundation */ = {
			isa = PBXGroup;
			children = (
				A7B97C063C947F53F6E209D1 /* AppleFoundationService.swift */,
				BDBE980F673E3077B58977E5 /* AppleNativeTools.swift */,
			);
			path = AppleFoundation;
			sourceTree = "<group>";
		};
		A29C7061AA685E560166CE85 /* Audio */ = {
			isa = PBXGroup;
			children = (
				B2B78D6C28BEFF1F8426997C /* AudioCaptureService.swift */,
				529F4C0838CFE7F8F55E28E4 /* AudioPlaybackService.swift */,
				3DA55F18F98C8B110680989C /* AudioSessionManager.swift */,
				17098A398E987CBB0D0A0127 /* CallEarconService.swift */,
				CE2B8AE1E195B62D980BEA66 /* SoundService.swift */,
			);
			path = Audio;
			sourceTree = "<group>";
		};
		AFC04292177BAB72780D70D7 /* LocalAgent */ = {
			isa = PBXGroup;
			children = (
				EE6C681A43DB7DFF78CFE722 /* ConversationContext.swift */,
				CEE6F61B22736F87248FD0F5 /* LocalAgent.swift */,
			);
			path = LocalAgent;
			sourceTree = "<group>";
		};
		B873D46B8543EB29620F1E51 /* Managers */ = {
			isa = PBXGroup;
			children = (
				9BCCC84E6880175BD83F37FD /* ConversationManager.swift */,
				8DD25C635E9A37E7D6CA7677 /* GlassesManager.swift */,
				ADC230E2AE44E5132DC5AB01 /* SettingsManager.swift */,
			);
			path = Managers;
			sourceTree = "<group>";
		};
		B929FE4E9AB889620F64C057 /* GemmaLocal */ = {
			isa = PBXGroup;
			children = (
				DFBB8B07B4970CA5F63B3B2A /* GemmaLocalService.swift */,
			);
			path = GemmaLocal;
			sourceTree = "<group>";
		};
		C37934DAC6755B4E1A63B13F /* NativeTools */ = {
			isa = PBXGroup;
			children = (
				83CCAB822E3A2D55FB3C338A /* CalendarTool.swift */,
				F45F55A97C67CC055B44A349 /* ClipboardTool.swift */,
				386A275ADCDB662B19D8E36F /* ContextualNoteTool.swift */,
				DA6DC62CBCB893C9A9922686 /* NativeTool.swift */,
				392E993CFE4CF74C349B9CD9 /* NativeToolSupport.swift */,
				4831CE885B0320D9CAD71736 /* NotificationForegroundPresenter.swift */,
				45142B60B3D9295D07A3107F /* PomodoroTool.swift */,
				356A075E2D281F1FF15A67C3 /* ReminderTool.swift */,
				605D6841BA373D249632606F /* TimerTool.swift */,
			);
			path = NativeTools;
			sourceTree = "<group>";
		};
		C6EBF5734AD805262779ECA5 /* TTS */ = {
			isa = PBXGroup;
			children = (
				7FF8A489F2B288429304002A /* AureliaServerTTSService.swift */,
				BE848862D72446F7BBDD3D89 /* KokoroTTSService.swift */,
				D416290774C17FDC0DDFBC68 /* TTSService.swift */,
			);
			path = TTS;
			sourceTree = "<group>";
		};
		CDC538C538178747352D72C8 /* Sounds */ = {
			isa = PBXGroup;
			children = (
				3846720B6096149DBB5ED5A9 /* thinking_loop.mp3 */,
				1DD518E30804BD392EEA0B34 /* wake_activation.mp3 */,
				98C627C6F13B708A7A8D2CDA /* wake_word_ding.mp3 */,
			);
			path = Sounds;
			sourceTree = "<group>";
		};
		D77F9080898B1259B3CAC33D /* Resources */ = {
			isa = PBXGroup;
			children = (
				CDC538C538178747352D72C8 /* Sounds */,
				2410F1B11CD5A7070F3E7590 /* Assets.xcassets */,
				E553EFA930E3B93EEA8F0AB6 /* Info.plist */,
			);
			path = Resources;
			sourceTree = "<group>";
		};
		D9DC12520CB3397EA85B9636 = {
			isa = PBXGroup;
			children = (
				09EB633ED6C10098514FA100 /* OpenVision */,
				7934564BE3BC49067064F095 /* openvision-margo-build */,
				FA1346C9AC741922A0BF6928 /* OpenVisionTests */,
				8F12C1169529CE44B11137F4 /* Packages */,
				36F672D5AB5BCE7D4C73AA30 /* Products */,
			);
			sourceTree = "<group>";
		};
		F5B2AD1E1FABED62439F7733 /* AIBackend */ = {
			isa = PBXGroup;
			children = (
				D0861272700BD040456BCAFE /* AIBackendConformances.swift */,
				A900F00D2451513A29BC4C6F /* AIBackendProtocol.swift */,
				FFDF4A693D2CEB248757FBD3 /* OpenAIService.swift */,
			);
			path = AIBackend;
			sourceTree = "<group>";
		};
		FA1346C9AC741922A0BF6928 /* OpenVisionTests */ = {
			isa = PBXGroup;
			children = (
				39552315579536D518404FED /* DocumentChunkingTests.swift */,
				A4BDA8F2F09F48BF3A3949BD /* LiveEyePlanTests.swift */,
				DD3DFE96152AAE9145F104D6 /* LocalAgentRouteTests.swift */,
				BE4D7E31C137C29246EB9281 /* NativeToolSupportTests.swift */,
				257CFA920D044908381B85FE /* RealtimePlaybackTests.swift */,
				C05A9A6876CC108B7CEDFDFC /* TextChunkingTests.swift */,
				2A348AC35DAA430AD24B329D /* VoiceActionTests.swift */,
			);
			path = OpenVisionTests;
			sourceTree = "<group>";
		};
		FCFDEAC4C8892533CE36C394 /* Components */ = {
			isa = PBXGroup;
			children = (
				41F6DCD4CB868C1A5711F96D /* AnimatedBackground.swift */,
				01CC70E5327BD07B920833FC /* GlassCard.swift */,
				C27052ECD2FFC79652B5CDB3 /* OnboardingView.swift */,
				A1E4A28F9C0979733D4ABDB2 /* SwirlOrb.swift */,
				1ABBF4AC21A442A2C3CF6750 /* Theme.swift */,
				0E256E8AF9CAB4123C91B979 /* TranscriptBubble.swift */,
			);
			path = Components;
			sourceTree = "<group>";
		};
		FE408AE66B4AA82F2C43B752 /* Vision */ = {
			isa = PBXGroup;
			children = (
				6D80EDF3FFC20786ED7F6654 /* FaceRecognitionService.swift */,
			);
			path = Vision;
			sourceTree = "<group>";
		};
/* End PBXGroup section */

/* Begin PBXNativeTarget section */
		60AF4ED566AAE248296380F1 /* OpenVisionTests */ = {
			isa = PBXNativeTarget;
			buildConfigurationList = B8FE22B6BC7D413D7FE37269 /* Build configuration list for PBXNativeTarget "OpenVisionTests" */;
			buildPhases = (
				4082EAA7B9C9E911E29F7B44 /* Sources */,
			);
			buildRules = (
			);
			dependencies = (
				FEE2C9BAC679A38DEB8A254B /* PBXTargetDependency */,
			);
			name = OpenVisionTests;
			packageProductDependencies = (
			);
			productName = OpenVisionTests;
			productReference = ACA3BB4BDC73148785327C9A /* OpenVisionTests.xctest */;
			productType = "com.apple.product-type.bundle.unit-test";
		};
		9418DE699CD106BA6A8A4B7E /* OpenVision */ = {
			isa = PBXNativeTarget;
			buildConfigurationList = 96E4930B027D16605C94BBD2 /* Build configuration list for PBXNativeTarget "OpenVision" */;
			buildPhases = (
				4BF24C8712D5FCCAA4402D12 /* Check Config Files */,
				5B369180DFE2DD0B99684491 /* Sources */,
				E0784DE346E984710CDE9A83 /* Resources */,
				87357360DEA5EAA22E564B39 /* Frameworks */,
			);
			buildRules = (
			);
			dependencies = (
			);
			name = OpenVision;
			packageProductDependencies = (
				A7FF778329794C28B434EEAA /* MWDATCore */,
				0DEB724AE3EDB04ABE9E3768 /* MWDATCamera */,
				0DB70D0CA14C70A3B9547241 /* MLXLLM */,
				FEDC861C14CDA73BBCF6CCFD /* MLXVLM */,
				6ADFD2818BFD4713F6BDA7F7 /* MLXLMCommon */,
				4169E6A87853A9ECECC3C6E4 /* MLXHuggingFace */,
				CCBF8A11015C4FD6F78FF103 /* HuggingFace */,
				8F8A2A9D74F79603F186C7B4 /* Tokenizers */,
				1DCD8AD4861E50005E48943D /* KokoroSwift */,
			);
			productName = OpenVision;
			productReference = 8601201988376029090B1EAA /* OpenVision.app */;
			productType = "com.apple.product-type.application";
		};
/* End PBXNativeTarget section */

/* Begin PBXProject section */
		A599D5BA1E0116337F64521E /* Project object */ = {
			isa = PBXProject;
			attributes = {
				BuildIndependentTargetsInParallel = YES;
				LastUpgradeCheck = 1500;
				TargetAttributes = {
					60AF4ED566AAE248296380F1 = {
						DevelopmentTeam = "${DEVELOPMENT_TEAM}";
						ProvisioningStyle = Automatic;
					};
					9418DE699CD106BA6A8A4B7E = {
						DevelopmentTeam = "${DEVELOPMENT_TEAM}";
						ProvisioningStyle = Automatic;
					};
				};
			};
			buildConfigurationList = F2E191267E52B7178955EEDB /* Build configuration list for PBXProject "OpenVision" */;
			developmentRegion = en;
			hasScannedForEncodings = 0;
			knownRegions = (
				Base,
				en,
			);
			mainGroup = D9DC12520CB3397EA85B9636;
			minimizedProjectReferenceProxies = 1;
			packageReferences = (
				F7EEA1ED9999A23C56A77DE0 /* XCRemoteSwiftPackageReference "meta-wearables-dat-ios" */,
				ECA8A07B405261A27FD7625B /* XCRemoteSwiftPackageReference "mlx-swift-lm" */,
				15C5A08D3F97FF9BA942B321 /* XCRemoteSwiftPackageReference "swift-huggingface" */,
				922ADEF49EB5DA6AD8635D76 /* XCRemoteSwiftPackageReference "swift-transformers" */,
				A8456994C4E280FE9D1FCB59 /* XCLocalSwiftPackageReference "Vendor/kokoro-ios" */,
			);
			preferredProjectObjectVersion = 77;
			productRefGroup = 36F672D5AB5BCE7D4C73AA30 /* Products */;
			projectDirPath = "";
			projectRoot = "";
			targets = (
				60AF4ED566AAE248296380F1 /* OpenVisionTests */,
				9418DE699CD106BA6A8A4B7E /* OpenVision */,
			);
		};
/* End PBXProject section */

/* Begin PBXResourcesBuildPhase section */
		E0784DE346E984710CDE9A83 /* Resources */ = {
			isa = PBXResourcesBuildPhase;
			buildActionMask = 2147483647;
			files = (
				6F8F4FD14445FC3FE1A771D2 /* Assets.xcassets in Resources */,
				D78274C690CE91F7747815F8 /* thinking_loop.mp3 in Resources */,
				E7CDE1FBC061C2DF4BDDD84E /* wake_activation.mp3 in Resources */,
				7C118644498027D47E828115 /* wake_word_ding.mp3 in Resources */,
			);
			runOnlyForDeploymentPostprocessing = 0;
		};
/* End PBXResourcesBuildPhase section */

/* Begin PBXShellScriptBuildPhase section */
		4BF24C8712D5FCCAA4402D12 /* Check Config Files */ = {
			isa = PBXShellScriptBuildPhase;
			alwaysOutOfDate = 1;
			buildActionMask = 2147483647;
			files = (
			);
			inputFileListPaths = (
			);
			inputPaths = (
			);
			name = "Check Config Files";
			outputFileListPaths = (
			);
			outputPaths = (
			);
			runOnlyForDeploymentPostprocessing = 0;
			shellPath = /bin/sh;
			shellScript = "if [ ! -f \"${PROJECT_DIR}/Config.xcconfig\" ]; then\n  echo \"error: Config.xcconfig not found. Copy Config.xcconfig.example to Config.xcconfig\"\n  exit 1\nfi\n";
		};
/* End PBXShellScriptBuildPhase section */

/* Begin PBXSourcesBuildPhase section */
		4082EAA7B9C9E911E29F7B44 /* Sources */ = {
			isa = PBXSourcesBuildPhase;
			buildActionMask = 2147483647;
			files = (
				E9628B20FB4654FBBFC61EF9 /* DocumentChunkingTests.swift in Sources */,
				C73C6168161C8A3DCED11B8E /* LiveEyePlanTests.swift in Sources */,
				DC6776A7CBFBB8E151FB6B85 /* LocalAgentRouteTests.swift in Sources */,
				5F19226406CF5B705B57BACF /* NativeToolSupportTests.swift in Sources */,
				3861B459D0E170DEFEB6BA09 /* RealtimePlaybackTests.swift in Sources */,
				361AD2F1AB7C557D47CD125D /* TextChunkingTests.swift in Sources */,
				1EBFC1E4E4B606FE6EFF8F95 /* VoiceActionTests.swift in Sources */,
			);
			runOnlyForDeploymentPostprocessing = 0;
		};
		5B369180DFE2DD0B99684491 /* Sources */ = {
			isa = PBXSourcesBuildPhase;
			buildActionMask = 2147483647;
			files = (
				7CE3313B3D27BADF471BC662 /* AIBackendConformances.swift in Sources */,
				0CD9B9D7D0854411C0A04148 /* AIBackendProtocol.swift in Sources */,
				FCFECBF332943E64812DC931 /* AIBackendSettingsView.swift in Sources */,
				3D871EEF1178A47F4999C7F2 /* AdditionalInstructionsView.swift in Sources */,
				6878487E101CAC3A8BF651E9 /* AnimatedBackground.swift in Sources */,
				52E3A16AB6227CDA3D67817D /* AppSettings.swift in Sources */,
				49DFBFFE52D341E96BCE382E /* AppleFoundationService.swift in Sources */,
				3CEB0ABE3CA96726C9FC7C3F /* AppleIntelligenceSettingsView.swift in Sources */,
				DCA893B0F4EB539CA4C1EC00 /* AppleNativeTools.swift in Sources */,
				5C474A09B3067A8ACD7546C1 /* AudioCaptureService.swift in Sources */,
				359A931F49DDF267F80B07B2 /* AudioPlaybackService.swift in Sources */,
				A7A3B0467B07F116AEF20BEE /* AudioSessionManager.swift in Sources */,
				4D19EC56086055CB93AB500D /* AureliaServerTTSService.swift in Sources */,
				592C3761D12888A4F7E4562E /* CalendarTool.swift in Sources */,
				16938F38C966F6D4119BA188 /* CallEarconService.swift in Sources */,
				88419FB22964F22C4FB748C2 /* ClipboardTool.swift in Sources */,
				3069D5D002C64029E1A09728 /* Config.swift in Sources */,
				AF2C901CA288086B7EBA6083 /* Constants.swift in Sources */,
				6627E81162A701E7EA1E6669 /* ContextualNoteTool.swift in Sources */,
				E002D977473CAE9959691682 /* Conversation.swift in Sources */,
				DB74FBBD6B28327F7C12D1CA /* ConversationContext.swift in Sources */,
				788325C7CD43F35F069DCDCE /* ConversationListView.swift in Sources */,
				DBAD28D914AC862DB5E6F367 /* ConversationManager.swift in Sources */,
				F18F96305B3187336A672BAE /* DocumentChunking.swift in Sources */,
				D56C470FC427A59946A0D074 /* DocumentFocus.swift in Sources */,
				7EFA8E02534E7BD122331508 /* DocumentSearchTool.swift in Sources */,
				F6489F185DBE88FE282819D1 /* DocumentStore.swift in Sources */,
				30442E82FFAD470C97955E08 /* DocumentsSettingsView.swift in Sources */,
				79216FADF7B5CD556FD6FDEE /* FaceRecognitionService.swift in Sources */,
				7694BA570FF3ACCF29E2C5C9 /* GeminiLiveService.swift in Sources */,
				F1D86E9A3AB2A994A205AB83 /* GeminiSettingsView.swift in Sources */,
				BFC445B65C5C0BE610EC719E /* GeminiVisionService.swift in Sources */,
				62B472287A9628E0E6FB377D /* GemmaLocalService.swift in Sources */,
				313177DDBE794549925682FA /* GemmaSettingsView.swift in Sources */,
				587295A93FA82DEBB18139BB /* GlassCard.swift in Sources */,
				BE99A2B1118292BBC7E1FC59 /* GlassesManager.swift in Sources */,
				E93E2788532682366707A34D /* GlassesSettingsView.swift in Sources */,
				29F56C03229677BC1F157CEC /* HapticFeedback.swift in Sources */,
				8351C940EEB51503B73F3449 /* KokoroSettingsView.swift in Sources */,
				FCA8B46A222A0C469FF7873B /* KokoroTTSService.swift in Sources */,
				E8CAB8535CF9D8E5A678E563 /* LiveEyePlan.swift in Sources */,
				53C17BBA774E7D3D4E295584 /* LocalAgent.swift in Sources */,
				CDA89E5AAAF25713C6321971 /* MainTabView.swift in Sources */,
				341497F0AA31AE9C6E137386 /* MemoriesView.swift in Sources */,
				5652332DECCFA2D845F25A8C /* NativeTool.swift in Sources */,
				785BA1918981FE85679CC48E /* NativeToolSupport.swift in Sources */,
				4DFF630E56769253493B4B57 /* NotificationForegroundPresenter.swift in Sources */,
				37787EEECF8236DABFDE4D3D /* OVExceptionCatcher.m in Sources */,
				B92EFADC07A10C9949406954 /* OVLog.swift in Sources */,
				2947D6E5D6D5B7080C53D478 /* OnboardingView.swift in Sources */,
				A17626C4B92966423AF06452 /* OpenAIRealtimeService.swift in Sources */,
				223474C328BCC3C81ADCB93D /* OpenAIService.swift in Sources */,
				800BD44B75446351A267E190 /* OpenAISettingsView.swift in Sources */,
				C3B4CF9D8B6EC21957CC7BEF /* OpenClawProtocol.swift in Sources */,
				186FD72F369F1962B15EB858 /* OpenClawService.swift in Sources */,
				758F66B632E8A1CBDBB40094 /* OpenClawSettingsView.swift in Sources */,
				EF5319DFC76B8BD9A50EF195 /* OpenVisionApp.swift in Sources */,
				A0C761B8F65AD0892D3FB6E3 /* PhoneCameraService.swift in Sources */,
				5F9D55BB6AA2E4CF8AF85A49 /* PomodoroTool.swift in Sources */,
				CB6636C853387785316153FD /* ReminderTool.swift in Sources */,
				1D0AEF3C7A810FF410C8F2E5 /* SessionRecorder.swift in Sources */,
				F7718545E4E6BB4A7773B564 /* SettingsManager.swift in Sources */,
				1EEA4B0E379A76881244FAB9 /* SettingsView.swift in Sources */,
				6C065C29CC13488E67A70363 /* SoundService.swift in Sources */,
				CBC50863A0C82CB068A92984 /* SpeechLocale.swift in Sources */,
				F5155F1DD262090EC1804C5F /* SwirlOrb.swift in Sources */,
				C328DABCDFDF6531B38D4834 /* TTSService.swift in Sources */,
				456B4E46EE405F5C8F45B04D /* Theme.swift in Sources */,
				7A0FECD93C32597CA6659BC9 /* TimerTool.swift in Sources */,
				BFD9D5E86289F987AC6931B8 /* TranscriptBubble.swift in Sources */,
				727F307403AA023DBFDA95D9 /* VoiceActionBar.swift in Sources */,
				1376D457A78582EC5BF2872B /* VoiceActionService.swift in Sources */,
				8BB3557D9BE4E9F2399BDBC1 /* VoiceAgentView.swift in Sources */,
				D8F7D3BE11230D5DE55E8D18 /* VoiceAgentViewModel.swift in Sources */,
				342B57112073CFC14CD78614 /* VoiceCommandService.swift in Sources */,
				84B1D84A04A576AF3E221398 /* VoiceModelChoices.swift in Sources */,
				3A3AC3A91A768EAE0B643B95 /* VoiceSelectionView.swift in Sources */,
				79C519EDCA508C00DAAB1F6E /* VoiceSettingsView.swift in Sources */,
				1339DF5D7DB28F0048D95846 /* WebSearchService.swift in Sources */,
				53B484EF0A2017B9718AC548 /* WebSearchSettingsView.swift in Sources */,
			);
			runOnlyForDeploymentPostprocessing = 0;
		};
/* End PBXSourcesBuildPhase section */

/* Begin PBXTargetDependency section */
		FEE2C9BAC679A38DEB8A254B /* PBXTargetDependency */ = {
			isa = PBXTargetDependency;
			target = 9418DE699CD106BA6A8A4B7E /* OpenVision */;
			targetProxy = 878FCA5E5ACF645CA2719186 /* PBXContainerItemProxy */;
		};
/* End PBXTargetDependency section */

/* Begin XCBuildConfiguration section */
		00287CBDEB7CFD087BF2824B /* Release */ = {
			isa = XCBuildConfiguration;
			buildSettings = {
				ASSETCATALOG_COMPILER_APPICON_NAME = AppIcon;
				CODE_SIGN_ENTITLEMENTS = OpenVision/OpenVision.entitlements;
				CODE_SIGN_IDENTITY = "iPhone Developer";
				ENABLE_PREVIEWS = YES;
				INFOPLIST_FILE = OpenVision/Resources/Info.plist;
				LD_RUNPATH_SEARCH_PATHS = (
					"$(inherited)",
					"@executable_path/Frameworks",
				);
				PRODUCT_BUNDLE_IDENTIFIER = "$(PRODUCT_BUNDLE_IDENTIFIER)";
				SDKROOT = iphoneos;
				SUPPORTS_MACCATALYST = NO;
				SWIFT_OBJC_BRIDGING_HEADER = "OpenVision/OpenVision-Bridging-Header.h";
				TARGETED_DEVICE_FAMILY = "1,2";
			};
			name = Release;
		};
		8A6B19C8915C29C3977C6E19 /* Debug */ = {
			isa = XCBuildConfiguration;
			baseConfigurationReference = B3EA2C9ECF6267FA35B0AE7E /* Config.xcconfig */;
			buildSettings = {
				ALWAYS_SEARCH_USER_PATHS = NO;
				APP_LINK_URL_SCHEME = "${APP_LINK_URL_SCHEME}";
				CLANG_ANALYZER_NONNULL = YES;
				CLANG_ANALYZER_NUMBER_OBJECT_CONVERSION = YES_AGGRESSIVE;
				CLANG_CXX_LANGUAGE_STANDARD = "gnu++14";
				CLANG_CXX_LIBRARY = "libc++";
				CLANG_ENABLE_MODULES = YES;
				CLANG_ENABLE_OBJC_ARC = YES;
				CLANG_ENABLE_OBJC_WEAK = YES;
				CLANG_WARN_BLOCK_CAPTURE_AUTORELEASING = YES;
				CLANG_WARN_BOOL_CONVERSION = YES;
				CLANG_WARN_COMMA = YES;
				CLANG_WARN_CONSTANT_CONVERSION = YES;
				CLANG_WARN_DEPRECATED_OBJC_IMPLEMENTATIONS = YES;
				CLANG_WARN_DIRECT_OBJC_ISA_USAGE = YES_ERROR;
				CLANG_WARN_DOCUMENTATION_COMMENTS = YES;
				CLANG_WARN_EMPTY_BODY = YES;
				CLANG_WARN_ENUM_CONVERSION = YES;
				CLANG_WARN_INFINITE_RECURSION = YES;
				CLANG_WARN_INT_CONVERSION = YES;
				CLANG_WARN_NON_LITERAL_NULL_CONVERSION = YES;
				CLANG_WARN_OBJC_IMPLICIT_RETAIN_SELF = YES;
				CLANG_WARN_OBJC_LITERAL_CONVERSION = YES;
				CLANG_WARN_OBJC_ROOT_CLASS = YES_ERROR;
				CLANG_WARN_QUOTED_INCLUDE_IN_FRAMEWORK_HEADER = YES;
				CLANG_WARN_RANGE_LOOP_ANALYSIS = YES;
				CLANG_WARN_STRICT_PROTOTYPES = YES;
				CLANG_WARN_SUSPICIOUS_MOVE = YES;
				CLANG_WARN_UNGUARDED_AVAILABILITY = YES_AGGRESSIVE;
				CLANG_WARN_UNREACHABLE_CODE = YES;
				CLANG_WARN__DUPLICATE_METHOD_MATCH = YES;
				CLIENT_TOKEN = "${CLIENT_TOKEN}";
				CODE_SIGN_STYLE = Automatic;
				COPY_PHASE_STRIP = NO;
				CURRENT_PROJECT_VERSION = 10;
				DEBUG_INFORMATION_FORMAT = dwarf;
				DEVELOPMENT_TEAM = "${DEVELOPMENT_TEAM}";
				ENABLE_STRICT_OBJC_MSGSEND = YES;
				ENABLE_TESTABILITY = YES;
				GCC_C_LANGUAGE_STANDARD = gnu11;
				GCC_DYNAMIC_NO_PIC = NO;
				GCC_NO_COMMON_BLOCKS = YES;
				GCC_OPTIMIZATION_LEVEL = 0;
				GCC_PREPROCESSOR_DEFINITIONS = (
					"$(inherited)",
					"DEBUG=1",
				);
				GCC_WARN_64_TO_32_BIT_CONVERSION = YES;
				GCC_WARN_ABOUT_RETURN_TYPE = YES_ERROR;
				GCC_WARN_UNDECLARED_SELECTOR = YES;
				GCC_WARN_UNINITIALIZED_AUTOS = YES_AGGRESSIVE;
				GCC_WARN_UNUSED_FUNCTION = YES;
				GCC_WARN_UNUSED_VARIABLE = YES;
				INFOPLIST_FILE = OpenVision/Resources/Info.plist;
				IPHONEOS_DEPLOYMENT_TARGET = 18.0;
				MARKETING_VERSION = 2.9.0;
				META_APP_ID = "${META_APP_ID}";
				MTL_ENABLE_DEBUG_INFO = INCLUDE_SOURCE;
				MTL_FAST_MATH = YES;
				ONLY_ACTIVE_ARCH = YES;
				PRODUCT_BUNDLE_IDENTIFIER = "${PRODUCT_BUNDLE_IDENTIFIER}";
				PRODUCT_NAME = "$(TARGET_NAME)";
				SDKROOT = iphoneos;
				SWIFT_ACTIVE_COMPILATION_CONDITIONS = DEBUG;
				SWIFT_OPTIMIZATION_LEVEL = "-Onone";
				SWIFT_VERSION = 5.9;
			};
			name = Debug;
		};
		E7B1CE542521A664F8D122A2 /* Debug */ = {
			isa = XCBuildConfiguration;
			buildSettings = {
				ASSETCATALOG_COMPILER_APPICON_NAME = AppIcon;
				CODE_SIGN_ENTITLEMENTS = OpenVision/OpenVision.entitlements;
				CODE_SIGN_IDENTITY = "iPhone Developer";
				ENABLE_PREVIEWS = YES;
				INFOPLIST_FILE = OpenVision/Resources/Info.plist;
				LD_RUNPATH_SEARCH_PATHS = (
					"$(inherited)",
					"@executable_path/Frameworks",
				);
				PRODUCT_BUNDLE_IDENTIFIER = "$(PRODUCT_BUNDLE_IDENTIFIER)";
				SDKROOT = iphoneos;
				SUPPORTS_MACCATALYST = NO;
				SWIFT_OBJC_BRIDGING_HEADER = "OpenVision/OpenVision-Bridging-Header.h";
				TARGETED_DEVICE_FAMILY = "1,2";
			};
			name = Debug;
		};
		E9F5DBB20BF0D88457EE7E95 /* Release */ = {
			isa = XCBuildConfiguration;
			buildSettings = {
				BUNDLE_LOADER = "$(TEST_HOST)";
				GENERATE_INFOPLIST_FILE = YES;
				LD_RUNPATH_SEARCH_PATHS = (
					"$(inherited)",
					"@executable_path/Frameworks",
					"@loader_path/Frameworks",
				);
				SDKROOT = iphoneos;
				TARGETED_DEVICE_FAMILY = "1,2";
				TEST_HOST = "$(BUILT_PRODUCTS_DIR)/OpenVision.app/OpenVision";
			};
			name = Release;
		};
		ECF159DE076BC45E2345A3C9 /* Debug */ = {
			isa = XCBuildConfiguration;
			buildSettings = {
				BUNDLE_LOADER = "$(TEST_HOST)";
				GENERATE_INFOPLIST_FILE = YES;
				LD_RUNPATH_SEARCH_PATHS = (
					"$(inherited)",
					"@executable_path/Frameworks",
					"@loader_path/Frameworks",
				);
				SDKROOT = iphoneos;
				TARGETED_DEVICE_FAMILY = "1,2";
				TEST_HOST = "$(BUILT_PRODUCTS_DIR)/OpenVision.app/OpenVision";
			};
			name = Debug;
		};
		EDC80FB50C117FAB5AC2A1AB /* Release */ = {
			isa = XCBuildConfiguration;
			baseConfigurationReference = B3EA2C9ECF6267FA35B0AE7E /* Config.xcconfig */;
			buildSettings = {
				ALWAYS_SEARCH_USER_PATHS = NO;
				APP_LINK_URL_SCHEME = "${APP_LINK_URL_SCHEME}";
				CLANG_ANALYZER_NONNULL = YES;
				CLANG_ANALYZER_NUMBER_OBJECT_CONVERSION = YES_AGGRESSIVE;
				CLANG_CXX_LANGUAGE_STANDARD = "gnu++14";
				CLANG_CXX_LIBRARY = "libc++";
				CLANG_ENABLE_MODULES = YES;
				CLANG_ENABLE_OBJC_ARC = YES;
				CLANG_ENABLE_OBJC_WEAK = YES;
				CLANG_WARN_BLOCK_CAPTURE_AUTORELEASING = YES;
				CLANG_WARN_BOOL_CONVERSION = YES;
				CLANG_WARN_COMMA = YES;
				CLANG_WARN_CONSTANT_CONVERSION = YES;
				CLANG_WARN_DEPRECATED_OBJC_IMPLEMENTATIONS = YES;
				CLANG_WARN_DIRECT_OBJC_ISA_USAGE = YES_ERROR;
				CLANG_WARN_DOCUMENTATION_COMMENTS = YES;
				CLANG_WARN_EMPTY_BODY = YES;
				CLANG_WARN_ENUM_CONVERSION = YES;
				CLANG_WARN_INFINITE_RECURSION = YES;
				CLANG_WARN_INT_CONVERSION = YES;
				CLANG_WARN_NON_LITERAL_NULL_CONVERSION = YES;
				CLANG_WARN_OBJC_IMPLICIT_RETAIN_SELF = YES;
				CLANG_WARN_OBJC_LITERAL_CONVERSION = YES;
				CLANG_WARN_OBJC_ROOT_CLASS = YES_ERROR;
				CLANG_WARN_QUOTED_INCLUDE_IN_FRAMEWORK_HEADER = YES;
				CLANG_WARN_RANGE_LOOP_ANALYSIS = YES;
				CLANG_WARN_STRICT_PROTOTYPES = YES;
				CLANG_WARN_SUSPICIOUS_MOVE = YES;
				CLANG_WARN_UNGUARDED_AVAILABILITY = YES_AGGRESSIVE;
				CLANG_WARN_UNREACHABLE_CODE = YES;
				CLANG_WARN__DUPLICATE_METHOD_MATCH = YES;
				CLIENT_TOKEN = "${CLIENT_TOKEN}";
				CODE_SIGN_STYLE = Automatic;
				COPY_PHASE_STRIP = NO;
				CURRENT_PROJECT_VERSION = 10;
				DEBUG_INFORMATION_FORMAT = "dwarf-with-dsym";
				DEVELOPMENT_TEAM = "${DEVELOPMENT_TEAM}";
				ENABLE_NS_ASSERTIONS = NO;
				ENABLE_STRICT_OBJC_MSGSEND = YES;
				GCC_C_LANGUAGE_STANDARD = gnu11;
				GCC_NO_COMMON_BLOCKS = YES;
				GCC_WARN_64_TO_32_BIT_CONVERSION = YES;
				GCC_WARN_ABOUT_RETURN_TYPE = YES_ERROR;
				GCC_WARN_UNDECLARED_SELECTOR = YES;
				GCC_WARN_UNINITIALIZED_AUTOS = YES_AGGRESSIVE;
				GCC_WARN_UNUSED_FUNCTION = YES;
				GCC_WARN_UNUSED_VARIABLE = YES;
				INFOPLIST_FILE = OpenVision/Resources/Info.plist;
				IPHONEOS_DEPLOYMENT_TARGET = 18.0;
				MARKETING_VERSION = 2.9.0;
				META_APP_ID = "${META_APP_ID}";
				MTL_ENABLE_DEBUG_INFO = NO;
				MTL_FAST_MATH = YES;
				PRODUCT_BUNDLE_IDENTIFIER = "${PRODUCT_BUNDLE_IDENTIFIER}";
				PRODUCT_NAME = "$(TARGET_NAME)";
				SDKROOT = iphoneos;
				SWIFT_COMPILATION_MODE = wholemodule;
				SWIFT_OPTIMIZATION_LEVEL = "-O";
				SWIFT_VERSION = 5.9;
			};
			name = Release;
		};
/* End XCBuildConfiguration section */

/* Begin XCConfigurationList section */
		96E4930B027D16605C94BBD2 /* Build configuration list for PBXNativeTarget "OpenVision" */ = {
			isa = XCConfigurationList;
			buildConfigurations = (
				E7B1CE542521A664F8D122A2 /* Debug */,
				00287CBDEB7CFD087BF2824B /* Release */,
			);
			defaultConfigurationIsVisible = 0;
			defaultConfigurationName = Debug;
		};
		B8FE22B6BC7D413D7FE37269 /* Build configuration list for PBXNativeTarget "OpenVisionTests" */ = {
			isa = XCConfigurationList;
			buildConfigurations = (
				ECF159DE076BC45E2345A3C9 /* Debug */,
				E9F5DBB20BF0D88457EE7E95 /* Release */,
			);
			defaultConfigurationIsVisible = 0;
			defaultConfigurationName = Debug;
		};
		F2E191267E52B7178955EEDB /* Build configuration list for PBXProject "OpenVision" */ = {
			isa = XCConfigurationList;
			buildConfigurations = (
				8A6B19C8915C29C3977C6E19 /* Debug */,
				EDC80FB50C117FAB5AC2A1AB /* Release */,
			);
			defaultConfigurationIsVisible = 0;
			defaultConfigurationName = Debug;
		};
/* End XCConfigurationList section */

/* Begin XCLocalSwiftPackageReference section */
		A8456994C4E280FE9D1FCB59 /* XCLocalSwiftPackageReference "Vendor/kokoro-ios" */ = {
			isa = XCLocalSwiftPackageReference;
			relativePath = "Vendor/kokoro-ios";
		};
/* End XCLocalSwiftPackageReference section */

/* Begin XCRemoteSwiftPackageReference section */
		15C5A08D3F97FF9BA942B321 /* XCRemoteSwiftPackageReference "swift-huggingface" */ = {
			isa = XCRemoteSwiftPackageReference;
			repositoryURL = "https://github.com/huggingface/swift-huggingface.git";
			requirement = {
				kind = upToNextMajorVersion;
				minimumVersion = 0.1.0;
			};
		};
		922ADEF49EB5DA6AD8635D76 /* XCRemoteSwiftPackageReference "swift-transformers" */ = {
			isa = XCRemoteSwiftPackageReference;
			repositoryURL = "https://github.com/huggingface/swift-transformers.git";
			requirement = {
				kind = upToNextMajorVersion;
				minimumVersion = 1.0.0;
			};
		};
		ECA8A07B405261A27FD7625B /* XCRemoteSwiftPackageReference "mlx-swift-lm" */ = {
			isa = XCRemoteSwiftPackageReference;
			repositoryURL = "https://github.com/ml-explore/mlx-swift-lm.git";
			requirement = {
				kind = revision;
				revision = 68947ccdca79bcf7a26dc220f73caa060369513c;
			};
		};
		F7EEA1ED9999A23C56A77DE0 /* XCRemoteSwiftPackageReference "meta-wearables-dat-ios" */ = {
			isa = XCRemoteSwiftPackageReference;
			repositoryURL = "https://github.com/facebook/meta-wearables-dat-ios";
			requirement = {
				kind = exactVersion;
				version = 0.4.0;
			};
		};
/* End XCRemoteSwiftPackageReference section */

/* Begin XCSwiftPackageProductDependency section */
		0DB70D0CA14C70A3B9547241 /* MLXLLM */ = {
			isa = XCSwiftPackageProductDependency;
			package = ECA8A07B405261A27FD7625B /* XCRemoteSwiftPackageReference "mlx-swift-lm" */;
			productName = MLXLLM;
		};
		0DEB724AE3EDB04ABE9E3768 /* MWDATCamera */ = {
			isa = XCSwiftPackageProductDependency;
			package = F7EEA1ED9999A23C56A77DE0 /* XCRemoteSwiftPackageReference "meta-wearables-dat-ios" */;
			productName = MWDATCamera;
		};
		1DCD8AD4861E50005E48943D /* KokoroSwift */ = {
			isa = XCSwiftPackageProductDependency;
			productName = KokoroSwift;
		};
		4169E6A87853A9ECECC3C6E4 /* MLXHuggingFace */ = {
			isa = XCSwiftPackageProductDependency;
			package = ECA8A07B405261A27FD7625B /* XCRemoteSwiftPackageReference "mlx-swift-lm" */;
			productName = MLXHuggingFace;
		};
		6ADFD2818BFD4713F6BDA7F7 /* MLXLMCommon */ = {
			isa = XCSwiftPackageProductDependency;
			package = ECA8A07B405261A27FD7625B /* XCRemoteSwiftPackageReference "mlx-swift-lm" */;
			productName = MLXLMCommon;
		};
		8F8A2A9D74F79603F186C7B4 /* Tokenizers */ = {
			isa = XCSwiftPackageProductDependency;
			package = 922ADEF49EB5DA6AD8635D76 /* XCRemoteSwiftPackageReference "swift-transformers" */;
			productName = Tokenizers;
		};
		A7FF778329794C28B434EEAA /* MWDATCore */ = {
			isa = XCSwiftPackageProductDependency;
			package = F7EEA1ED9999A23C56A77DE0 /* XCRemoteSwiftPackageReference "meta-wearables-dat-ios" */;
			productName = MWDATCore;
		};
		CCBF8A11015C4FD6F78FF103 /* HuggingFace */ = {
			isa = XCSwiftPackageProductDependency;
			package = 15C5A08D3F97FF9BA942B321 /* XCRemoteSwiftPackageReference "swift-huggingface" */;
			productName = HuggingFace;
		};
		FEDC861C14CDA73BBCF6CCFD /* MLXVLM */ = {
			isa = XCSwiftPackageProductDependency;
			package = ECA8A07B405261A27FD7625B /* XCRemoteSwiftPackageReference "mlx-swift-lm" */;
			productName = MLXVLM;
		};
/* End XCSwiftPackageProductDependency section */
	};
	rootObject = A599D5BA1E0116337F64521E /* Project object */;
}
